// !$*UTF8*$!
{
	archiveVersion = 1;
	classes = {
	};
	objectVersion = 46;
	objects = {

/* Begin PBXBuildFile section */
		A703786D17C32CFE0074E183 /* UIKit.framework in Frameworks */ = {isa = PBXBuildFile; fileRef = A703786C17C32CFD0074E183 /* UIKit.framework */; };
		A703786F17C32CFE0074E183 /* Foundation.framework in Frameworks */ = {isa = PBXBuildFile; fileRef = A703786E17C32CFE0074E183 /* Foundation.framework */; };
		A703787117C32CFE0074E183 /* CoreGraphics.framework in Frameworks */ = {isa = PBXBuildFile; fileRef = A703787017C32CFE0074E183 /* CoreGraphics.framework */; };
		A703787717C32CFE0074E183 /* InfoPlist.strings in Resources */ = {isa = PBXBuildFile; fileRef = A703787517C32CFE0074E183 /* InfoPlist.strings */; };
		A703787917C32CFE0074E183 /* main.m in Sources */ = {isa = PBXBuildFile; fileRef = A703787817C32CFE0074E183 /* main.m */; };
		A703787D17C32CFE0074E183 /* CGAppDelegate.m in Sources */ = {isa = PBXBuildFile; fileRef = A703787C17C32CFE0074E183 /* CGAppDelegate.m */; };
		A703787F17C32CFE0074E183 /* Default.png in Resources */ = {isa = PBXBuildFile; fileRef = A703787E17C32CFE0074E183 /* Default.png */; };
		A703788117C32CFE0074E183 /* Default@2x.png in Resources */ = {isa = PBXBuildFile; fileRef = A703788017C32CFE0074E183 /* Default@2x.png */; };
		A703788317C32CFE0074E183 /* Default-568h@2x.png in Resources */ = {isa = PBXBuildFile; fileRef = A703788217C32CFE0074E183 /* Default-568h@2x.png */; };
		A703789417C32CFE0074E183 /* SenTestingKit.framework in Frameworks */ = {isa = PBXBuildFile; fileRef = A703789317C32CFE0074E183 /* SenTestingKit.framework */; };
		A703789517C32CFE0074E183 /* UIKit.framework in Frameworks */ = {isa = PBXBuildFile; fileRef = A703786C17C32CFD0074E183 /* UIKit.framework */; };
		A703789617C32CFE0074E183 /* Foundation.framework in Frameworks */ = {isa = PBXBuildFile; fileRef = A703786E17C32CFE0074E183 /* Foundation.framework */; };
		A703789E17C32CFE0074E183 /* InfoPlist.strings in Resources */ = {isa = PBXBuildFile; fileRef = A703789C17C32CFE0074E183 /* InfoPlist.strings */; };
		A70378A117C32CFE0074E183 /* GLProjectTests.m in Sources */ = {isa = PBXBuildFile; fileRef = A70378A017C32CFE0074E183 /* GLProjectTests.m */; };
		A70378AB17C32D480074E183 /* OpenGLES.framework in Frameworks */ = {isa = PBXBuildFile; fileRef = A70378AA17C32D480074E183 /* OpenGLES.framework */; };
		A70378AD17C32D5E0074E183 /* QuartzCore.framework in Frameworks */ = {isa = PBXBuildFile; fileRef = A70378AC17C32D5E0074E183 /* QuartzCore.framework */; };
		A70378B017C32F220074E183 /* CGView.m in Sources */ = {isa = PBXBuildFile; fileRef = A70378AF17C32F220074E183 /* CGView.m */; };
		A70378B617C33A160074E183 /* CGViewController.xib in Resources */ = {isa = PBXBuildFile; fileRef = A70378B217C33A150074E183 /* CGViewController.xib */; };
		A70378B717C33A160074E183 /* CGViewController.m in Sources */ = {isa = PBXBuildFile; fileRef = A70378B417C33A150074E183 /* CGViewController.m */; };
		A73D80B417CC65F200939BB0 /* TODO in Resources */ = {isa = PBXBuildFile; fileRef = A73D80B317CC65F200939BB0 /* TODO */; };
		A73EE5A917C6E751009C1E5E /* TextureManager.m in Sources */ = {isa = PBXBuildFile; fileRef = A73EE5A617C6E74F009C1E5E /* TextureManager.m */; };
		A73EE5AA17C6E751009C1E5E /* TextureManager.m in Sources */ = {isa = PBXBuildFile; fileRef = A73EE5A617C6E74F009C1E5E /* TextureManager.m */; };
		A73EE5AB17C6E751009C1E5E /* MeshFactory.m in Sources */ = {isa = PBXBuildFile; fileRef = A73EE5A817C6E750009C1E5E /* MeshFactory.m */; };
		A73EE5AC17C6E751009C1E5E /* MeshFactory.m in Sources */ = {isa = PBXBuildFile; fileRef = A73EE5A817C6E750009C1E5E /* MeshFactory.m */; };
		A76FDADD17C952B000A6F8E4 /* CGTexture.m in Sources */ = {isa = PBXBuildFile; fileRef = A76FDADC17C952B000A6F8E4 /* CGTexture.m */; };
		A76FDAE417C9983B00A6F8E4 /* CGEngine.m in Sources */ = {isa = PBXBuildFile; fileRef = A76FDAE317C9983B00A6F8E4 /* CGEngine.m */; };
		A76FDAE717C9A78600A6F8E4 /* CGShader.m in Sources */ = {isa = PBXBuildFile; fileRef = A76FDAE617C9A78600A6F8E4 /* CGShader.m */; };
		A774B26B17DE6999001EFAA4 /* CGDefaultShader.m in Sources */ = {isa = PBXBuildFile; fileRef = A774B26A17DE6999001EFAA4 /* CGDefaultShader.m */; };
		A7C5151917E4A9E400F8F6EE /* CGUtils.m in Sources */ = {isa = PBXBuildFile; fileRef = A7C5151817E4A9E400F8F6EE /* CGUtils.m */; };
		A7D046EB17C40E53007390B0 /* SimpleVertex.glsl in Resources */ = {isa = PBXBuildFile; fileRef = A7D046EA17C40E53007390B0 /* SimpleVertex.glsl */; };
		A7D046ED17C40F85007390B0 /* SimpleFragment.glsl in Resources */ = {isa = PBXBuildFile; fileRef = A7D046EC17C40F85007390B0 /* SimpleFragment.glsl */; };
		A7DAD78E17C48A1B000FE1B7 /* CC3Foundation.m in Sources */ = {isa = PBXBuildFile; fileRef = A7DAD78517C48A1B000FE1B7 /* CC3Foundation.m */; settings = {COMPILER_FLAGS = "-fno-objc-arc"; }; };
		A7DAD78F17C48A1B000FE1B7 /* CC3GLMatrix.m in Sources */ = {isa = PBXBuildFile; fileRef = A7DAD78717C48A1B000FE1B7 /* CC3GLMatrix.m */; settings = {COMPILER_FLAGS = "-fno-objc-arc"; }; };
		A7DAD79017C48A1B000FE1B7 /* CC3Kazmath.c in Sources */ = {isa = PBXBuildFile; fileRef = A7DAD78817C48A1B000FE1B7 /* CC3Kazmath.c */; settings = {COMPILER_FLAGS = "-fno-objc-arc"; }; };
		A7DAD79117C48A1B000FE1B7 /* CC3Math.m in Sources */ = {isa = PBXBuildFile; fileRef = A7DAD78C17C48A1B000FE1B7 /* CC3Math.m */; settings = {COMPILER_FLAGS = "-fno-objc-arc"; }; };
		A7E0437717CFFDE700D07BB2 /* CGSceneGraph.m in Sources */ = {isa = PBXBuildFile; fileRef = A7E0437617CFFDE700D07BB2 /* CGSceneGraph.m */; };
		A7E0437B17CFFE2200D07BB2 /* CGNode.m in Sources */ = {isa = PBXBuildFile; fileRef = A7E0437A17CFFE2200D07BB2 /* CGNode.m */; };
		A7E0437E17D011E500D07BB2 /* CGObject3D.m in Sources */ = {isa = PBXBuildFile; fileRef = A7E0437D17D011E500D07BB2 /* CGObject3D.m */; };
		A7E0438117D0129100D07BB2 /* CGMesh.m in Sources */ = {isa = PBXBuildFile; fileRef = A7E0438017D0129100D07BB2 /* CGMesh.m */; };
		A7E0438A17D0190000D07BB2 /* CGCamera.m in Sources */ = {isa = PBXBuildFile; fileRef = A7E0438917D0190000D07BB2 /* CGCamera.m */; };
		A7E0438E17D01AF800D07BB2 /* CGLight.m in Sources */ = {isa = PBXBuildFile; fileRef = A7E0438D17D01AF800D07BB2 /* CGLight.m */; };
		A7EA71A917D9536E007E6E0E /* CGArray.m in Sources */ = {isa = PBXBuildFile; fileRef = A7EA71A817D9536E007E6E0E /* CGArray.m */; };
/* End PBXBuildFile section */

/* Begin PBXContainerItemProxy section */
		A703789717C32CFE0074E183 /* PBXContainerItemProxy */ = {
			isa = PBXContainerItemProxy;
			containerPortal = A703786117C32CFD0074E183 /* Project object */;
			proxyType = 1;
			remoteGlobalIDString = A703786817C32CFD0074E183;
			remoteInfo = GLProject;
		};
/* End PBXContainerItemProxy section */

/* Begin PBXFileReference section */
		A703786917C32CFD0074E183 /* GLProject.app */ = {isa = PBXFileReference; explicitFileType = wrapper.application; includeInIndex = 0; path = GLProject.app; sourceTree = BUILT_PRODUCTS_DIR; };
		A703786C17C32CFD0074E183 /* UIKit.framework */ = {isa = PBXFileReference; lastKnownFileType = wrapper.framework; name = UIKit.framework; path = System/Library/Frameworks/UIKit.framework; sourceTree = SDKROOT; };
		A703786E17C32CFE0074E183 /* Foundation.framework */ = {isa = PBXFileReference; lastKnownFileType = wrapper.framework; name = Foundation.framework; path = System/Library/Frameworks/Foundation.framework; sourceTree = SDKROOT; };
		A703787017C32CFE0074E183 /* CoreGraphics.framework */ = {isa = PBXFileReference; lastKnownFileType = wrapper.framework; name = CoreGraphics.framework; path = System/Library/Frameworks/CoreGraphics.framework; sourceTree = SDKROOT; };
		A703787417C32CFE0074E183 /* GLProject-Info.plist */ = {isa = PBXFileReference; lastKnownFileType = text.plist.xml; path = "GLProject-Info.plist"; sourceTree = "<group>"; };
		A703787617C32CFE0074E183 /* en */ = {isa = PBXFileReference; lastKnownFileType = text.plist.strings; name = en; path = en.lproj/InfoPlist.strings; sourceTree = "<group>"; };
		A703787817C32CFE0074E183 /* main.m */ = {isa = PBXFileReference; lastKnownFileType = sourcecode.c.objc; path = main.m; sourceTree = "<group>"; };
		A703787A17C32CFE0074E183 /* GLProject-Prefix.pch */ = {isa = PBXFileReference; lastKnownFileType = sourcecode.c.h; path = "GLProject-Prefix.pch"; sourceTree = "<group>"; };
		A703787B17C32CFE0074E183 /* CGAppDelegate.h */ = {isa = PBXFileReference; lastKnownFileType = sourcecode.c.h; path = CGAppDelegate.h; sourceTree = "<group>"; };
		A703787C17C32CFE0074E183 /* CGAppDelegate.m */ = {isa = PBXFileReference; lastKnownFileType = sourcecode.c.objc; path = CGAppDelegate.m; sourceTree = "<group>"; };
		A703787E17C32CFE0074E183 /* Default.png */ = {isa = PBXFileReference; lastKnownFileType = image.png; path = Default.png; sourceTree = "<group>"; };
		A703788017C32CFE0074E183 /* Default@2x.png */ = {isa = PBXFileReference; lastKnownFileType = image.png; path = "Default@2x.png"; sourceTree = "<group>"; };
		A703788217C32CFE0074E183 /* Default-568h@2x.png */ = {isa = PBXFileReference; lastKnownFileType = image.png; path = "Default-568h@2x.png"; sourceTree = "<group>"; };
		A703789217C32CFE0074E183 /* GLProjectTests.octest */ = {isa = PBXFileReference; explicitFileType = wrapper.cfbundle; includeInIndex = 0; path = GLProjectTests.octest; sourceTree = BUILT_PRODUCTS_DIR; };
		A703789317C32CFE0074E183 /* SenTestingKit.framework */ = {isa = PBXFileReference; lastKnownFileType = wrapper.framework; name = SenTestingKit.framework; path = Library/Frameworks/SenTestingKit.framework; sourceTree = DEVELOPER_DIR; };
		A703789B17C32CFE0074E183 /* GLProjectTests-Info.plist */ = {isa = PBXFileReference; lastKnownFileType = text.plist.xml; path = "GLProjectTests-Info.plist"; sourceTree = "<group>"; };
		A703789D17C32CFE0074E183 /* en */ = {isa = PBXFileReference; lastKnownFileType = text.plist.strings; name = en; path = en.lproj/InfoPlist.strings; sourceTree = "<group>"; };
		A703789F17C32CFE0074E183 /* GLProjectTests.h */ = {isa = PBXFileReference; lastKnownFileType = sourcecode.c.h; path = GLProjectTests.h; sourceTree = "<group>"; };
		A70378A017C32CFE0074E183 /* GLProjectTests.m */ = {isa = PBXFileReference; lastKnownFileType = sourcecode.c.objc; path = GLProjectTests.m; sourceTree = "<group>"; };
		A70378AA17C32D480074E183 /* OpenGLES.framework */ = {isa = PBXFileReference; lastKnownFileType = wrapper.framework; name = OpenGLES.framework; path = System/Library/Frameworks/OpenGLES.framework; sourceTree = SDKROOT; };
		A70378AC17C32D5E0074E183 /* QuartzCore.framework */ = {isa = PBXFileReference; lastKnownFileType = wrapper.framework; name = QuartzCore.framework; path = System/Library/Frameworks/QuartzCore.framework; sourceTree = SDKROOT; };
		A70378AE17C32F220074E183 /* CGView.h */ = {isa = PBXFileReference; fileEncoding = 4; lastKnownFileType = sourcecode.c.h; path = CGView.h; sourceTree = "<group>"; };
		A70378AF17C32F220074E183 /* CGView.m */ = {isa = PBXFileReference; fileEncoding = 4; lastKnownFileType = sourcecode.c.objc; path = CGView.m; sourceTree = "<group>"; };
		A70378B217C33A150074E183 /* CGViewController.xib */ = {isa = PBXFileReference; fileEncoding = 4; lastKnownFileType = file.xib; path = CGViewController.xib; sourceTree = "<group>"; };
		A70378B317C33A150074E183 /* CGViewController.h */ = {isa = PBXFileReference; fileEncoding = 4; lastKnownFileType = sourcecode.c.h; path = CGViewController.h; sourceTree = "<group>"; };
		A70378B417C33A150074E183 /* CGViewController.m */ = {isa = PBXFileReference; fileEncoding = 4; lastKnownFileType = sourcecode.c.objc; path = CGViewController.m; sourceTree = "<group>"; };
		A73D80B317CC65F200939BB0 /* TODO */ = {isa = PBXFileReference; fileEncoding = 4; lastKnownFileType = text; path = TODO; sourceTree = "<group>"; };
		A73EE5A517C6E74F009C1E5E /* TextureManager.h */ = {isa = PBXFileReference; fileEncoding = 4; lastKnownFileType = sourcecode.c.h; path = TextureManager.h; sourceTree = "<group>"; };
		A73EE5A617C6E74F009C1E5E /* TextureManager.m */ = {isa = PBXFileReference; fileEncoding = 4; lastKnownFileType = sourcecode.c.objc; path = TextureManager.m; sourceTree = "<group>"; };
		A73EE5A717C6E750009C1E5E /* MeshFactory.h */ = {isa = PBXFileReference; fileEncoding = 4; lastKnownFileType = sourcecode.c.h; path = MeshFactory.h; sourceTree = "<group>"; };
		A73EE5A817C6E750009C1E5E /* MeshFactory.m */ = {isa = PBXFileReference; fileEncoding = 4; lastKnownFileType = sourcecode.c.objc; path = MeshFactory.m; sourceTree = "<group>"; };
		A76FDADB17C952B000A6F8E4 /* CGTexture.h */ = {isa = PBXFileReference; fileEncoding = 4; lastKnownFileType = sourcecode.c.h; path = CGTexture.h; sourceTree = "<group>"; };
		A76FDADC17C952B000A6F8E4 /* CGTexture.m */ = {isa = PBXFileReference; fileEncoding = 4; lastKnownFileType = sourcecode.c.objc; path = CGTexture.m; sourceTree = "<group>"; };
		A76FDAE217C9983B00A6F8E4 /* CGEngine.h */ = {isa = PBXFileReference; fileEncoding = 4; lastKnownFileType = sourcecode.c.h; path = CGEngine.h; sourceTree = "<group>"; };
		A76FDAE317C9983B00A6F8E4 /* CGEngine.m */ = {isa = PBXFileReference; fileEncoding = 4; lastKnownFileType = sourcecode.c.objc; path = CGEngine.m; sourceTree = "<group>"; };
		A76FDAE517C9A78600A6F8E4 /* CGShader.h */ = {isa = PBXFileReference; fileEncoding = 4; lastKnownFileType = sourcecode.c.h; path = CGShader.h; sourceTree = "<group>"; };
		A76FDAE617C9A78600A6F8E4 /* CGShader.m */ = {isa = PBXFileReference; fileEncoding = 4; lastKnownFileType = sourcecode.c.objc; path = CGShader.m; sourceTree = "<group>"; };
		A774B26917DE6999001EFAA4 /* CGDefaultShader.h */ = {isa = PBXFileReference; fileEncoding = 4; lastKnownFileType = sourcecode.c.h; path = CGDefaultShader.h; sourceTree = "<group>"; };
		A774B26A17DE6999001EFAA4 /* CGDefaultShader.m */ = {isa = PBXFileReference; fileEncoding = 4; lastKnownFileType = sourcecode.c.objc; path = CGDefaultShader.m; sourceTree = "<group>"; };
		A7C5151717E4A9E400F8F6EE /* CGUtils.h */ = {isa = PBXFileReference; fileEncoding = 4; lastKnownFileType = sourcecode.c.h; path = CGUtils.h; sourceTree = "<group>"; };
		A7C5151817E4A9E400F8F6EE /* CGUtils.m */ = {isa = PBXFileReference; fileEncoding = 4; lastKnownFileType = sourcecode.c.objc; path = CGUtils.m; sourceTree = "<group>"; };
		A7D046EA17C40E53007390B0 /* SimpleVertex.glsl */ = {isa = PBXFileReference; fileEncoding = 4; lastKnownFileType = text; path = SimpleVertex.glsl; sourceTree = "<group>"; };
		A7D046EC17C40F85007390B0 /* SimpleFragment.glsl */ = {isa = PBXFileReference; fileEncoding = 4; lastKnownFileType = text; path = SimpleFragment.glsl; sourceTree = "<group>"; };
		A7D046EE17C427D5007390B0 /* SimpleFragment.glsl_commented */ = {isa = PBXFileReference; fileEncoding = 4; lastKnownFileType = text; path = SimpleFragment.glsl_commented; sourceTree = "<group>"; };
		A7D046EF17C427D5007390B0 /* SimpleVertex.glsl_commented */ = {isa = PBXFileReference; fileEncoding = 4; lastKnownFileType = text; path = SimpleVertex.glsl_commented; sourceTree = "<group>"; };
		A7DAD78417C48A1B000FE1B7 /* CC3Foundation.h */ = {isa = PBXFileReference; fileEncoding = 4; lastKnownFileType = sourcecode.c.h; path = CC3Foundation.h; sourceTree = "<group>"; };
		A7DAD78517C48A1B000FE1B7 /* CC3Foundation.m */ = {isa = PBXFileReference; fileEncoding = 4; lastKnownFileType = sourcecode.c.objc; path = CC3Foundation.m; sourceTree = "<group>"; };
		A7DAD78617C48A1B000FE1B7 /* CC3GLMatrix.h */ = {isa = PBXFileReference; fileEncoding = 4; lastKnownFileType = sourcecode.c.h; path = CC3GLMatrix.h; sourceTree = "<group>"; };
		A7DAD78717C48A1B000FE1B7 /* CC3GLMatrix.m */ = {isa = PBXFileReference; fileEncoding = 4; lastKnownFileType = sourcecode.c.objc; path = CC3GLMatrix.m; sourceTree = "<group>"; };
		A7DAD78817C48A1B000FE1B7 /* CC3Kazmath.c */ = {isa = PBXFileReference; fileEncoding = 4; lastKnownFileType = sourcecode.c.c; path = CC3Kazmath.c; sourceTree = "<group>"; };
		A7DAD78917C48A1B000FE1B7 /* CC3Kazmath.h */ = {isa = PBXFileReference; fileEncoding = 4; lastKnownFileType = sourcecode.c.h; path = CC3Kazmath.h; sourceTree = "<group>"; };
		A7DAD78A17C48A1B000FE1B7 /* CC3Logging.h */ = {isa = PBXFileReference; fileEncoding = 4; lastKnownFileType = sourcecode.c.h; path = CC3Logging.h; sourceTree = "<group>"; };
		A7DAD78B17C48A1B000FE1B7 /* CC3Math.h */ = {isa = PBXFileReference; fileEncoding = 4; lastKnownFileType = sourcecode.c.h; path = CC3Math.h; sourceTree = "<group>"; };
		A7DAD78C17C48A1B000FE1B7 /* CC3Math.m */ = {isa = PBXFileReference; fileEncoding = 4; lastKnownFileType = sourcecode.c.objc; path = CC3Math.m; sourceTree = "<group>"; };
		A7DAD78D17C48A1B000FE1B7 /* ccTypes.h */ = {isa = PBXFileReference; fileEncoding = 4; lastKnownFileType = sourcecode.c.h; path = ccTypes.h; sourceTree = "<group>"; };
		A7E0437517CFFDE700D07BB2 /* CGSceneGraph.h */ = {isa = PBXFileReference; fileEncoding = 4; lastKnownFileType = sourcecode.c.h; path = CGSceneGraph.h; sourceTree = "<group>"; };
		A7E0437617CFFDE700D07BB2 /* CGSceneGraph.m */ = {isa = PBXFileReference; fileEncoding = 4; lastKnownFileType = sourcecode.c.objc; path = CGSceneGraph.m; sourceTree = "<group>"; };
		A7E0437917CFFE2200D07BB2 /* CGNode.h */ = {isa = PBXFileReference; fileEncoding = 4; lastKnownFileType = sourcecode.c.h; path = CGNode.h; sourceTree = "<group>"; };
		A7E0437A17CFFE2200D07BB2 /* CGNode.m */ = {isa = PBXFileReference; fileEncoding = 4; lastKnownFileType = sourcecode.c.objc; path = CGNode.m; sourceTree = "<group>"; };
		A7E0437C17D011E500D07BB2 /* CGObject3D.h */ = {isa = PBXFileReference; fileEncoding = 4; lastKnownFileType = sourcecode.c.h; path = CGObject3D.h; sourceTree = "<group>"; };
		A7E0437D17D011E500D07BB2 /* CGObject3D.m */ = {isa = PBXFileReference; fileEncoding = 4; lastKnownFileType = sourcecode.c.objc; path = CGObject3D.m; sourceTree = "<group>"; };
		A7E0437F17D0129100D07BB2 /* CGMesh.h */ = {isa = PBXFileReference; fileEncoding = 4; lastKnownFileType = sourcecode.c.h; path = CGMesh.h; sourceTree = "<group>"; };
		A7E0438017D0129100D07BB2 /* CGMesh.m */ = {isa = PBXFileReference; fileEncoding = 4; lastKnownFileType = sourcecode.c.objc; path = CGMesh.m; sourceTree = "<group>"; };
		A7E0438817D0190000D07BB2 /* CGCamera.h */ = {isa = PBXFileReference; fileEncoding = 4; lastKnownFileType = sourcecode.c.h; path = CGCamera.h; sourceTree = "<group>"; };
		A7E0438917D0190000D07BB2 /* CGCamera.m */ = {isa = PBXFileReference; fileEncoding = 4; lastKnownFileType = sourcecode.c.objc; path = CGCamera.m; sourceTree = "<group>"; };
		A7E0438C17D01AF800D07BB2 /* CGLight.h */ = {isa = PBXFileReference; fileEncoding = 4; lastKnownFileType = sourcecode.c.h; path = CGLight.h; sourceTree = "<group>"; };
		A7E0438D17D01AF800D07BB2 /* CGLight.m */ = {isa = PBXFileReference; fileEncoding = 4; lastKnownFileType = sourcecode.c.objc; path = CGLight.m; sourceTree = "<group>"; };
		A7EA71A717D9536E007E6E0E /* CGArray.h */ = {isa = PBXFileReference; fileEncoding = 4; lastKnownFileType = sourcecode.c.h; path = CGArray.h; sourceTree = "<group>"; };
		A7EA71A817D9536E007E6E0E /* CGArray.m */ = {isa = PBXFileReference; fileEncoding = 4; lastKnownFileType = sourcecode.c.objc; path = CGArray.m; sourceTree = "<group>"; };
/* End PBXFileReference section */

/* Begin PBXFrameworksBuildPhase section */
		A703786617C32CFD0074E183 /* Frameworks */ = {
			isa = PBXFrameworksBuildPhase;
			buildActionMask = 2147483647;
			files = (
				A70378AD17C32D5E0074E183 /* QuartzCore.framework in Frameworks */,
				A70378AB17C32D480074E183 /* OpenGLES.framework in Frameworks */,
				A703786D17C32CFE0074E183 /* UIKit.framework in Frameworks */,
				A703786F17C32CFE0074E183 /* Foundation.framework in Frameworks */,
				A703787117C32CFE0074E183 /* CoreGraphics.framework in Frameworks */,
			);
			runOnlyForDeploymentPostprocessing = 0;
		};
		A703788E17C32CFE0074E183 /* Frameworks */ = {
			isa = PBXFrameworksBuildPhase;
			buildActionMask = 2147483647;
			files = (
				A703789417C32CFE0074E183 /* SenTestingKit.framework in Frameworks */,
				A703789517C32CFE0074E183 /* UIKit.framework in Frameworks */,
				A703789617C32CFE0074E183 /* Foundation.framework in Frameworks */,
			);
			runOnlyForDeploymentPostprocessing = 0;
		};
/* End PBXFrameworksBuildPhase section */

/* Begin PBXGroup section */
		A703786017C32CFD0074E183 = {
			isa = PBXGroup;
			children = (
				A70378AC17C32D5E0074E183 /* QuartzCore.framework */,
				A70378AA17C32D480074E183 /* OpenGLES.framework */,
				A703787217C32CFE0074E183 /* GLProject */,
				A703789917C32CFE0074E183 /* GLProjectTests */,
				A703786B17C32CFD0074E183 /* Frameworks */,
				A703786A17C32CFD0074E183 /* Products */,
			);
			sourceTree = "<group>";
		};
		A703786A17C32CFD0074E183 /* Products */ = {
			isa = PBXGroup;
			children = (
				A703786917C32CFD0074E183 /* GLProject.app */,
				A703789217C32CFE0074E183 /* GLProjectTests.octest */,
			);
			name = Products;
			sourceTree = "<group>";
		};
		A703786B17C32CFD0074E183 /* Frameworks */ = {
			isa = PBXGroup;
			children = (
				A703786C17C32CFD0074E183 /* UIKit.framework */,
				A703786E17C32CFE0074E183 /* Foundation.framework */,
				A703787017C32CFE0074E183 /* CoreGraphics.framework */,
				A703789317C32CFE0074E183 /* SenTestingKit.framework */,
			);
			name = Frameworks;
			sourceTree = "<group>";
		};
		A703787217C32CFE0074E183 /* GLProject */ = {
			isa = PBXGroup;
			children = (
				A73D80B317CC65F200939BB0 /* TODO */,
				A76FDADE17C966B900A6F8E4 /* CGFramework */,
				A70378B317C33A150074E183 /* CGViewController.h */,
				A70378B417C33A150074E183 /* CGViewController.m */,
				A703787B17C32CFE0074E183 /* CGAppDelegate.h */,
				A703787C17C32CFE0074E183 /* CGAppDelegate.m */,
				A703787317C32CFE0074E183 /* Supporting Files */,
			);
			path = GLProject;
			sourceTree = "<group>";
		};
		A703787317C32CFE0074E183 /* Supporting Files */ = {
			isa = PBXGroup;
			children = (
				A7D046EE17C427D5007390B0 /* SimpleFragment.glsl_commented */,
				A7D046EF17C427D5007390B0 /* SimpleVertex.glsl_commented */,
				A70378B217C33A150074E183 /* CGViewController.xib */,
				A703787417C32CFE0074E183 /* GLProject-Info.plist */,
				A703787517C32CFE0074E183 /* InfoPlist.strings */,
				A703787817C32CFE0074E183 /* main.m */,
				A703787A17C32CFE0074E183 /* GLProject-Prefix.pch */,
				A703787E17C32CFE0074E183 /* Default.png */,
				A703788017C32CFE0074E183 /* Default@2x.png */,
				A703788217C32CFE0074E183 /* Default-568h@2x.png */,
			);
			name = "Supporting Files";
			sourceTree = "<group>";
		};
		A703789917C32CFE0074E183 /* GLProjectTests */ = {
			isa = PBXGroup;
			children = (
				A703789F17C32CFE0074E183 /* GLProjectTests.h */,
				A70378A017C32CFE0074E183 /* GLProjectTests.m */,
				A703789A17C32CFE0074E183 /* Supporting Files */,
			);
			path = GLProjectTests;
			sourceTree = "<group>";
		};
		A703789A17C32CFE0074E183 /* Supporting Files */ = {
			isa = PBXGroup;
			children = (
				A703789B17C32CFE0074E183 /* GLProjectTests-Info.plist */,
				A703789C17C32CFE0074E183 /* InfoPlist.strings */,
			);
			name = "Supporting Files";
			sourceTree = "<group>";
		};
		A706FBE117D68113002683FB /* Utils */ = {
			isa = PBXGroup;
			children = (
				A7DAD78317C48A1B000FE1B7 /* Math */,
				A7EA71A717D9536E007E6E0E /* CGArray.h */,
				A7EA71A817D9536E007E6E0E /* CGArray.m */,
				A7C5151717E4A9E400F8F6EE /* CGUtils.h */,
				A7C5151817E4A9E400F8F6EE /* CGUtils.m */,
			);
			name = Utils;
			sourceTree = "<group>";
		};
		A73EE5AD17C6E75B009C1E5E /* Managers */ = {
			isa = PBXGroup;
			children = (
				A73EE5A517C6E74F009C1E5E /* TextureManager.h */,
				A73EE5A617C6E74F009C1E5E /* TextureManager.m */,
			);
			name = Managers;
			sourceTree = "<group>";
		};
		A76FDADE17C966B900A6F8E4 /* CGFramework */ = {
			isa = PBXGroup;
			children = (
				A706FBE117D68113002683FB /* Utils */,
				A7FE405E17D5B034006A0005 /* Textures */,
				A7E0438217D0129900D07BB2 /* Mesh */,
				A7E0437417CFFDA000D07BB2 /* Core */,
				A76FDAEE17CAFEE700A6F8E4 /* Shaders */,
				A73EE5AD17C6E75B009C1E5E /* Managers */,
				A76FDAE217C9983B00A6F8E4 /* CGEngine.h */,
				A76FDAE317C9983B00A6F8E4 /* CGEngine.m */,
				A70378AE17C32F220074E183 /* CGView.h */,
				A70378AF17C32F220074E183 /* CGView.m */,
			);
			name = CGFramework;
			sourceTree = "<group>";
		};
		A76FDAEE17CAFEE700A6F8E4 /* Shaders */ = {
			isa = PBXGroup;
			children = (
				A7ABB4EE17E2999500EB449B /* Files */,
				A76FDAE517C9A78600A6F8E4 /* CGShader.h */,
				A76FDAE617C9A78600A6F8E4 /* CGShader.m */,
				A774B26917DE6999001EFAA4 /* CGDefaultShader.h */,
				A774B26A17DE6999001EFAA4 /* CGDefaultShader.m */,
			);
			name = Shaders;
			sourceTree = "<group>";
		};
		A7ABB4EE17E2999500EB449B /* Files */ = {
			isa = PBXGroup;
			children = (
				A7D046EA17C40E53007390B0 /* SimpleVertex.glsl */,
				A7D046EC17C40F85007390B0 /* SimpleFragment.glsl */,
			);
			name = Files;
			sourceTree = "<group>";
		};
		A7DAD78317C48A1B000FE1B7 /* Math */ = {
			isa = PBXGroup;
			children = (
				A7DAD78417C48A1B000FE1B7 /* CC3Foundation.h */,
				A7DAD78517C48A1B000FE1B7 /* CC3Foundation.m */,
				A7DAD78617C48A1B000FE1B7 /* CC3GLMatrix.h */,
				A7DAD78717C48A1B000FE1B7 /* CC3GLMatrix.m */,
				A7DAD78817C48A1B000FE1B7 /* CC3Kazmath.c */,
				A7DAD78917C48A1B000FE1B7 /* CC3Kazmath.h */,
				A7DAD78A17C48A1B000FE1B7 /* CC3Logging.h */,
				A7DAD78B17C48A1B000FE1B7 /* CC3Math.h */,
				A7DAD78C17C48A1B000FE1B7 /* CC3Math.m */,
				A7DAD78D17C48A1B000FE1B7 /* ccTypes.h */,
			);
			name = Math;
			path = math;
			sourceTree = "<group>";
		};
		A7E0437417CFFDA000D07BB2 /* Core */ = {
			isa = PBXGroup;
			children = (
				A7E0437517CFFDE700D07BB2 /* CGSceneGraph.h */,
				A7E0437617CFFDE700D07BB2 /* CGSceneGraph.m */,
				A7E0437917CFFE2200D07BB2 /* CGNode.h */,
				A7E0437A17CFFE2200D07BB2 /* CGNode.m */,
				A7E0438817D0190000D07BB2 /* CGCamera.h */,
				A7E0438917D0190000D07BB2 /* CGCamera.m */,
				A7E0438C17D01AF800D07BB2 /* CGLight.h */,
				A7E0438D17D01AF800D07BB2 /* CGLight.m */,
				A7E0437C17D011E500D07BB2 /* CGObject3D.h */,
				A7E0437D17D011E500D07BB2 /* CGObject3D.m */,
			);
			name = Core;
			sourceTree = "<group>";
		};
		A7E0438217D0129900D07BB2 /* Mesh */ = {
			isa = PBXGroup;
			children = (
				A73EE5A717C6E750009C1E5E /* MeshFactory.h */,
				A73EE5A817C6E750009C1E5E /* MeshFactory.m */,
				A7E0437F17D0129100D07BB2 /* CGMesh.h */,
				A7E0438017D0129100D07BB2 /* CGMesh.m */,
			);
			name = Mesh;
			sourceTree = "<group>";
		};
		A7FE405E17D5B034006A0005 /* Textures */ = {
			isa = PBXGroup;
			children = (
				A76FDADB17C952B000A6F8E4 /* CGTexture.h */,
				A76FDADC17C952B000A6F8E4 /* CGTexture.m */,
			);
			name = Textures;
			sourceTree = "<group>";
		};
/* End PBXGroup section */

/* Begin PBXNativeTarget section */
		A703786817C32CFD0074E183 /* GLProject */ = {
			isa = PBXNativeTarget;
			buildConfigurationList = A70378A417C32CFE0074E183 /* Build configuration list for PBXNativeTarget "GLProject" */;
			buildPhases = (
				A703786517C32CFD0074E183 /* Sources */,
				A703786617C32CFD0074E183 /* Frameworks */,
				A703786717C32CFD0074E183 /* Resources */,
			);
			buildRules = (
			);
			dependencies = (
			);
			name = GLProject;
			productName = GLProject;
			productReference = A703786917C32CFD0074E183 /* GLProject.app */;
			productType = "com.apple.product-type.application";
		};
		A703789117C32CFE0074E183 /* GLProjectTests */ = {
			isa = PBXNativeTarget;
			buildConfigurationList = A70378A717C32CFE0074E183 /* Build configuration list for PBXNativeTarget "GLProjectTests" */;
			buildPhases = (
				A703788D17C32CFE0074E183 /* Sources */,
				A703788E17C32CFE0074E183 /* Frameworks */,
				A703788F17C32CFE0074E183 /* Resources */,
				A703789017C32CFE0074E183 /* ShellScript */,
			);
			buildRules = (
			);
			dependencies = (
				A703789817C32CFE0074E183 /* PBXTargetDependency */,
			);
			name = GLProjectTests;
			productName = GLProjectTests;
			productReference = A703789217C32CFE0074E183 /* GLProjectTests.octest */;
			productType = "com.apple.product-type.bundle";
		};
/* End PBXNativeTarget section */

/* Begin PBXProject section */
		A703786117C32CFD0074E183 /* Project object */ = {
			isa = PBXProject;
			attributes = {
				CLASSPREFIX = CG;
				LastUpgradeCheck = 0460;
				ORGANIZATIONNAME = "Enrique Bermudez";
			};
			buildConfigurationList = A703786417C32CFD0074E183 /* Build configuration list for PBXProject "GLProject" */;
			compatibilityVersion = "Xcode 3.2";
			developmentRegion = English;
			hasScannedForEncodings = 0;
			knownRegions = (
				en,
			);
			mainGroup = A703786017C32CFD0074E183;
			productRefGroup = A703786A17C32CFD0074E183 /* Products */;
			projectDirPath = "";
			projectRoot = "";
			targets = (
				A703786817C32CFD0074E183 /* GLProject */,
				A703789117C32CFE0074E183 /* GLProjectTests */,
			);
		};
/* End PBXProject section */

/* Begin PBXResourcesBuildPhase section */
		A703786717C32CFD0074E183 /* Resources */ = {
			isa = PBXResourcesBuildPhase;
			buildActionMask = 2147483647;
			files = (
				A703787717C32CFE0074E183 /* InfoPlist.strings in Resources */,
				A703787F17C32CFE0074E183 /* Default.png in Resources */,
				A703788117C32CFE0074E183 /* Default@2x.png in Resources */,
				A73D80B417CC65F200939BB0 /* TODO in Resources */,
				A703788317C32CFE0074E183 /* Default-568h@2x.png in Resources */,
				A70378B617C33A160074E183 /* CGViewController.xib in Resources */,
				A7D046EB17C40E53007390B0 /* SimpleVertex.glsl in Resources */,
				A7D046ED17C40F85007390B0 /* SimpleFragment.glsl in Resources */,
			);
			runOnlyForDeploymentPostprocessing = 0;
		};
		A703788F17C32CFE0074E183 /* Resources */ = {
			isa = PBXResourcesBuildPhase;
			buildActionMask = 2147483647;
			files = (
				A703789E17C32CFE0074E183 /* InfoPlist.strings in Resources */,
			);
			runOnlyForDeploymentPostprocessing = 0;
		};
/* End PBXResourcesBuildPhase section */

/* Begin PBXShellScriptBuildPhase section */
		A703789017C32CFE0074E183 /* ShellScript */ = {
			isa = PBXShellScriptBuildPhase;
			buildActionMask = 2147483647;
			files = (
			);
			inputPaths = (
			);
			outputPaths = (
			);
			runOnlyForDeploymentPostprocessing = 0;
			shellPath = /bin/sh;
			shellScript = "# Run the unit tests in this test bundle.\n\"${SYSTEM_DEVELOPER_DIR}/Tools/RunUnitTests\"\n";
		};
/* End PBXShellScriptBuildPhase section */

/* Begin PBXSourcesBuildPhase section */
		A703786517C32CFD0074E183 /* Sources */ = {
			isa = PBXSourcesBuildPhase;
			buildActionMask = 2147483647;
			files = (
				A703787917C32CFE0074E183 /* main.m in Sources */,
				A7E0438A17D0190000D07BB2 /* CGCamera.m in Sources */,
				A7E0437E17D011E500D07BB2 /* CGObject3D.m in Sources */,
				A76FDADD17C952B000A6F8E4 /* CGTexture.m in Sources */,
				A703787D17C32CFE0074E183 /* CGAppDelegate.m in Sources */,
				A70378B017C32F220074E183 /* CGView.m in Sources */,
				A7E0437717CFFDE700D07BB2 /* CGSceneGraph.m in Sources */,
				A7E0438E17D01AF800D07BB2 /* CGLight.m in Sources */,
				A7E0438117D0129100D07BB2 /* CGMesh.m in Sources */,
				A70378B717C33A160074E183 /* CGViewController.m in Sources */,
				A7DAD78E17C48A1B000FE1B7 /* CC3Foundation.m in Sources */,
				A76FDAE717C9A78600A6F8E4 /* CGShader.m in Sources */,
				A7DAD78F17C48A1B000FE1B7 /* CC3GLMatrix.m in Sources */,
				A774B26B17DE6999001EFAA4 /* CGDefaultShader.m in Sources */,
				A7DAD79017C48A1B000FE1B7 /* CC3Kazmath.c in Sources */,
				A7C5151917E4A9E400F8F6EE /* CGUtils.m in Sources */,
				A7DAD79117C48A1B000FE1B7 /* CC3Math.m in Sources */,
				A73EE5A917C6E751009C1E5E /* TextureManager.m in Sources */,
				A7EA71A917D9536E007E6E0E /* CGArray.m in Sources */,
				A73EE5AB17C6E751009C1E5E /* MeshFactory.m in Sources */,
				A76FDAE417C9983B00A6F8E4 /* CGEngine.m in Sources */,
				A7E0437B17CFFE2200D07BB2 /* CGNode.m in Sources */,
			);
			runOnlyForDeploymentPostprocessing = 0;
		};
		A703788D17C32CFE0074E183 /* Sources */ = {
			isa = PBXSourcesBuildPhase;
			buildActionMask = 2147483647;
			files = (
				A70378A117C32CFE0074E183 /* GLProjectTests.m in Sources */,
				A73EE5AA17C6E751009C1E5E /* TextureManager.m in Sources */,
				A73EE5AC17C6E751009C1E5E /* MeshFactory.m in Sources */,
			);
			runOnlyForDeploymentPostprocessing = 0;
		};
/* End PBXSourcesBuildPhase section */

/* Begin PBXTargetDependency section */
		A703789817C32CFE0074E183 /* PBXTargetDependency */ = {
			isa = PBXTargetDependency;
			target = A703786817C32CFD0074E183 /* GLProject */;
			targetProxy = A703789717C32CFE0074E183 /* PBXContainerItemProxy */;
		};
/* End PBXTargetDependency section */

/* Begin PBXVariantGroup section */
		A703787517C32CFE0074E183 /* InfoPlist.strings */ = {
			isa = PBXVariantGroup;
			children = (
				A703787617C32CFE0074E183 /* en */,
			);
			name = InfoPlist.strings;
			sourceTree = "<group>";
		};
		A703789C17C32CFE0074E183 /* InfoPlist.strings */ = {
			isa = PBXVariantGroup;
			children = (
				A703789D17C32CFE0074E183 /* en */,
			);
			name = InfoPlist.strings;
			sourceTree = "<group>";
		};
/* End PBXVariantGroup section */

/* Begin XCBuildConfiguration section */
		A70378A217C32CFE0074E183 /* Debug */ = {
			isa = XCBuildConfiguration;
			buildSettings = {
				ALWAYS_SEARCH_USER_PATHS = NO;
				CLANG_CXX_LANGUAGE_STANDARD = "gnu++0x";
				CLANG_CXX_LIBRARY = "libc++";
				CLANG_ENABLE_OBJC_ARC = YES;
				CLANG_WARN_CONSTANT_CONVERSION = YES;
				CLANG_WARN_EMPTY_BODY = YES;
				CLANG_WARN_ENUM_CONVERSION = YES;
				CLANG_WARN_INT_CONVERSION = YES;
				CLANG_WARN__DUPLICATE_METHOD_MATCH = YES;
				"CODE_SIGN_IDENTITY[sdk=iphoneos*]" = "iPhone Developer";
				COPY_PHASE_STRIP = NO;
				GCC_C_LANGUAGE_STANDARD = gnu99;
				GCC_DYNAMIC_NO_PIC = NO;
				GCC_OPTIMIZATION_LEVEL = 0;
				GCC_PREPROCESSOR_DEFINITIONS = (
					"DEBUG=1",
					"$(inherited)",
				);
				GCC_SYMBOLS_PRIVATE_EXTERN = NO;
				GCC_WARN_ABOUT_RETURN_TYPE = YES;
				GCC_WARN_UNINITIALIZED_AUTOS = YES;
				GCC_WARN_UNUSED_VARIABLE = YES;
				IPHONEOS_DEPLOYMENT_TARGET = 6.1;
				ONLY_ACTIVE_ARCH = YES;
				SDKROOT = iphoneos;
				TARGETED_DEVICE_FAMILY = "1,2";
			};
			name = Debug;
		};
		A70378A317C32CFE0074E183 /* Release */ = {
			isa = XCBuildConfiguration;
			buildSettings = {
				ALWAYS_SEARCH_USER_PATHS = NO;
				CLANG_CXX_LANGUAGE_STANDARD = "gnu++0x";
				CLANG_CXX_LIBRARY = "libc++";
				CLANG_ENABLE_OBJC_ARC = YES;
				CLANG_WARN_CONSTANT_CONVERSION = YES;
				CLANG_WARN_EMPTY_BODY = YES;
				CLANG_WARN_ENUM_CONVERSION = YES;
				CLANG_WARN_INT_CONVERSION = YES;
				CLANG_WARN__DUPLICATE_METHOD_MATCH = YES;
				"CODE_SIGN_IDENTITY[sdk=iphoneos*]" = "iPhone Developer";
				COPY_PHASE_STRIP = YES;
				GCC_C_LANGUAGE_STANDARD = gnu99;
				GCC_WARN_ABOUT_RETURN_TYPE = YES;
				GCC_WARN_UNINITIALIZED_AUTOS = YES;
				GCC_WARN_UNUSED_VARIABLE = YES;
				IPHONEOS_DEPLOYMENT_TARGET = 6.1;
				OTHER_CFLAGS = "-DNS_BLOCK_ASSERTIONS=1";
				SDKROOT = iphoneos;
				TARGETED_DEVICE_FAMILY = "1,2";
				VALIDATE_PRODUCT = YES;
			};
			name = Release;
		};
		A70378A517C32CFE0074E183 /* Debug */ = {
			isa = XCBuildConfiguration;
			buildSettings = {
				GCC_PRECOMPILE_PREFIX_HEADER = YES;
				GCC_PREFIX_HEADER = "GLProject/GLProject-Prefix.pch";
				INFOPLIST_FILE = "GLProject/GLProject-Info.plist";
				PRODUCT_NAME = "$(TARGET_NAME)";
				WRAPPER_EXTENSION = app;
			};
			name = Debug;
		};
		A70378A617C32CFE0074E183 /* Release */ = {
			isa = XCBuildConfiguration;
			buildSettings = {
				GCC_PRECOMPILE_PREFIX_HEADER = YES;
				GCC_PREFIX_HEADER = "GLProject/GLProject-Prefix.pch";
				INFOPLIST_FILE = "GLProject/GLProject-Info.plist";
				PRODUCT_NAME = "$(TARGET_NAME)";
				WRAPPER_EXTENSION = app;
			};
			name = Release;
		};
		A70378A817C32CFE0074E183 /* Debug */ = {
			isa = XCBuildConfiguration;
			buildSettings = {
				BUNDLE_LOADER = "$(BUILT_PRODUCTS_DIR)/GLProject.app/GLProject";
				FRAMEWORK_SEARCH_PATHS = (
					"\"$(SDKROOT)/Developer/Library/Frameworks\"",
					"\"$(DEVELOPER_LIBRARY_DIR)/Frameworks\"",
				);
				GCC_PRECOMPILE_PREFIX_HEADER = YES;
				GCC_PREFIX_HEADER = "GLProject/GLProject-Prefix.pch";
				INFOPLIST_FILE = "GLProjectTests/GLProjectTests-Info.plist";
				PRODUCT_NAME = "$(TARGET_NAME)";
				TEST_HOST = "$(BUNDLE_LOADER)";
				WRAPPER_EXTENSION = octest;
			};
			name = Debug;
		};
		A70378A917C32CFE0074E183 /* Release */ = {
			isa = XCBuildConfiguration;
			buildSettings = {
				BUNDLE_LOADER = "$(BUILT_PRODUCTS_DIR)/GLProject.app/GLProject";
				FRAMEWORK_SEARCH_PATHS = (
					"\"$(SDKROOT)/Developer/Library/Frameworks\"",
					"\"$(DEVELOPER_LIBRARY_DIR)/Frameworks\"",
				);
				GCC_PRECOMPILE_PREFIX_HEADER = YES;
				GCC_PREFIX_HEADER = "GLProject/GLProject-Prefix.pch";
				INFOPLIST_FILE = "GLProjectTests/GLProjectTests-Info.plist";
				PRODUCT_NAME = "$(TARGET_NAME)";
				TEST_HOST = "$(BUNDLE_LOADER)";
				WRAPPER_EXTENSION = octest;
			};
			name = Release;
		};
/* End XCBuildConfiguration section */

/* Begin XCConfigurationList section */
		A703786417C32CFD0074E183 /* Build configuration list for PBXProject "GLProject" */ = {
			isa = XCConfigurationList;
			buildConfigurations = (
				A70378A217C32CFE0074E183 /* Debug */,
				A70378A317C32CFE0074E183 /* Release */,
			);
			defaultConfigurationIsVisible = 0;
			defaultConfigurationName = Release;
		};
		A70378A417C32CFE0074E183 /* Build configuration list for PBXNativeTarget "GLProject" */ = {
			isa = XCConfigurationList;
			buildConfigurations = (
				A70378A517C32CFE0074E183 /* Debug */,
				A70378A617C32CFE0074E183 /* Release */,
			);
			defaultConfigurationIsVisible = 0;
			defaultConfigurationName = Release;
		};
		A70378A717C32CFE0074E183 /* Build configuration list for PBXNativeTarget "GLProjectTests" */ = {
			isa = XCConfigurationList;
			buildConfigurations = (
				A70378A817C32CFE0074E183 /* Debug */,
				A70378A917C32CFE0074E183 /* Release */,
			);
			defaultConfigurationIsVisible = 0;
			defaultConfigurationName = Release;
		};
/* End XCConfigurationList section */
	};
	rootObject = A703786117C32CFD0074E183 /* Project object */;
}
